
Microsoft Visual Studio Solution File, Format Version 12.00
# Visual Studio Version 16
VisualStudioVersion = 16.0.29424.173
MinimumVisualStudioVersion = 10.0.40219.1
Project("{888888A0-9F3D-457C-B088-3A5042F75D52}") = "dash-obj-in-3dmesh", "dash-obj-in-3dmesh\dash-obj-in-3dmesh.pyproj", "{A441C9DC-2CCB-4043-8A1D-1A75A4BB8433}"
EndProject
Project("{2150E333-8FDC-42A3-9474-1A3956D46DE8}") = "Solution Items", "Solution Items", "{13D79899-CE18-4CDD-B02E-84FD5922CCAA}"
EndProject
Global
	GlobalSection(SolutionConfigurationPlatforms) = preSolution
		Debug|Any CPU = Debug|Any CPU
		Release|Any CPU = Release|Any CPU
	EndGlobalSection
	GlobalSection(ProjectConfigurationPlatforms) = postSolution
		{A441C9DC-2CCB-4043-8A1D-1A75A4BB8433}.Debug|Any CPU.ActiveCfg = Debug|Any CPU
		{A441C9DC-2CCB-4043-8A1D-1A75A4BB8433}.Release|Any CPU.ActiveCfg = Release|Any CPU
	EndGlobalSection
	GlobalSection(SolutionProperties) = preSolution
		HideSolutionNode = FALSE
	EndGlobalSection
	GlobalSection(ExtensibilityGlobals) = postSolution
		SolutionGuid = {E4ACC411-404B-4C6B-B2E8-913B7D7F8378}
	EndGlobalSection
EndGlobal
